// !$*UTF8*$!
{
	archiveVersion = 1;
	classes = {
	};
	objectVersion = 46;
	objects = {

/* Begin PBXBuildFile section */
		2209B307159AFC7E0073E820 /* UIKit.framework in Frameworks */ = {isa = PBXBuildFile; fileRef = 2209B306159AFC7E0073E820 /* UIKit.framework */; };
		2209B309159AFC7E0073E820 /* Foundation.framework in Frameworks */ = {isa = PBXBuildFile; fileRef = 2209B308159AFC7E0073E820 /* Foundation.framework */; };
		2209B30B159AFC7E0073E820 /* CoreGraphics.framework in Frameworks */ = {isa = PBXBuildFile; fileRef = 2209B30A159AFC7E0073E820 /* CoreGraphics.framework */; };
		2209B311159AFC7E0073E820 /* InfoPlist.strings in Resources */ = {isa = PBXBuildFile; fileRef = 2209B30F159AFC7E0073E820 /* InfoPlist.strings */; };
		2209B313159AFC7E0073E820 /* main.m in Sources */ = {isa = PBXBuildFile; fileRef = 2209B312159AFC7E0073E820 /* main.m */; };
		2209B317159AFC7E0073E820 /* OZAppDelegate.m in Sources */ = {isa = PBXBuildFile; fileRef = 2209B316159AFC7E0073E820 /* OZAppDelegate.m */; };
		2209B325159AFD970073E820 /* OZTabBarController.m in Sources */ = {isa = PBXBuildFile; fileRef = 2209B324159AFD970073E820 /* OZTabBarController.m */; };
		2209B328159AFE080073E820 /* OZMenuViewController.m in Sources */ = {isa = PBXBuildFile; fileRef = 2209B327159AFE080073E820 /* OZMenuViewController.m */; };
		2209B32B159AFE520073E820 /* OZNibBasedViewController.m in Sources */ = {isa = PBXBuildFile; fileRef = 2209B32A159AFE520073E820 /* OZNibBasedViewController.m */; };
		2209B340159AFE730073E820 /* OZLoadViewBasedViewController.m in Sources */ = {isa = PBXBuildFile; fileRef = 2209B33F159AFE730073E820 /* OZLoadViewBasedViewController.m */; };
		2209B343159AFE7E0073E820 /* OZChildViewController.m in Sources */ = {isa = PBXBuildFile; fileRef = 2209B342159AFE7E0073E820 /* OZChildViewController.m */; };
		2209B345159B00330073E820 /* OZNibBasedViewController.xib in Resources */ = {isa = PBXBuildFile; fileRef = 2209B344159B00330073E820 /* OZNibBasedViewController.xib */; };
		2209B351159B0FF20073E820 /* icon_github.png in Resources */ = {isa = PBXBuildFile; fileRef = 2209B34B159B0FF20073E820 /* icon_github.png */; };
		2209B352159B0FF20073E820 /* icon_globe.png in Resources */ = {isa = PBXBuildFile; fileRef = 2209B34C159B0FF20073E820 /* icon_globe.png */; };
		2209B353159B0FF20073E820 /* icon_meter.png in Resources */ = {isa = PBXBuildFile; fileRef = 2209B34D159B0FF20073E820 /* icon_meter.png */; };
		2209B354159B0FF20073E820 /* icon_power.png in Resources */ = {isa = PBXBuildFile; fileRef = 2209B34E159B0FF20073E820 /* icon_power.png */; };
		2209B355159B0FF20073E820 /* tabbar.png in Resources */ = {isa = PBXBuildFile; fileRef = 2209B34F159B0FF20073E820 /* tabbar.png */; };
		2209B356159B0FF20073E820 /* tabbar@2x.png in Resources */ = {isa = PBXBuildFile; fileRef = 2209B350159B0FF20073E820 /* tabbar@2x.png */; };
		2235F750161D82EB00E55B15 /* icon_github_selected.png in Resources */ = {isa = PBXBuildFile; fileRef = 2235F74C161D82EB00E55B15 /* icon_github_selected.png */; };
		2235F751161D82EB00E55B15 /* icon_globe_selected.png in Resources */ = {isa = PBXBuildFile; fileRef = 2235F74D161D82EB00E55B15 /* icon_globe_selected.png */; };
		2235F752161D82EB00E55B15 /* icon_meter_selected.png in Resources */ = {isa = PBXBuildFile; fileRef = 2235F74E161D82EB00E55B15 /* icon_meter_selected.png */; };
		2235F753161D82EB00E55B15 /* icon_power_selected.png in Resources */ = {isa = PBXBuildFile; fileRef = 2235F74F161D82EB00E55B15 /* icon_power_selected.png */; };
		2259028219050D0300B257C6 /* Default-568h@2x.png in Resources */ = {isa = PBXBuildFile; fileRef = 2259028119050D0300B257C6 /* Default-568h@2x.png */; };
/* End PBXBuildFile section */

/* Begin PBXFileReference section */
		2209B302159AFC7E0073E820 /* TabBarExample.app */ = {isa = PBXFileReference; explicitFileType = wrapper.application; includeInIndex = 0; path = TabBarExample.app; sourceTree = BUILT_PRODUCTS_DIR; };
		2209B306159AFC7E0073E820 /* UIKit.framework */ = {isa = PBXFileReference; lastKnownFileType = wrapper.framework; name = UIKit.framework; path = System/Library/Frameworks/UIKit.framework; sourceTree = SDKROOT; };
		2209B308159AFC7E0073E820 /* Foundation.framework */ = {isa = PBXFileReference; lastKnownFileType = wrapper.framework; name = Foundation.framework; path = System/Library/Frameworks/Foundation.framework; sourceTree = SDKROOT; };
		2209B30A159AFC7E0073E820 /* CoreGraphics.framework */ = {isa = PBXFileReference; lastKnownFileType = wrapper.framework; name = CoreGraphics.framework; path = System/Library/Frameworks/CoreGraphics.framework; sourceTree = SDKROOT; };
		2209B30E159AFC7E0073E820 /* TabBarExample-Info.plist */ = {isa = PBXFileReference; lastKnownFileType = text.plist.xml; path = "TabBarExample-Info.plist"; sourceTree = "<group>"; };
		2209B310159AFC7E0073E820 /* en */ = {isa = PBXFileReference; lastKnownFileType = text.plist.strings; name = en; path = en.lproj/InfoPlist.strings; sourceTree = "<group>"; };
		2209B312159AFC7E0073E820 /* main.m */ = {isa = PBXFileReference; lastKnownFileType = sourcecode.c.objc; path = main.m; sourceTree = "<group>"; };
		2209B314159AFC7E0073E820 /* TabBarExample-Prefix.pch */ = {isa = PBXFileReference; lastKnownFileType = sourcecode.c.h; path = "TabBarExample-Prefix.pch"; sourceTree = "<group>"; };
		2209B315159AFC7E0073E820 /* OZAppDelegate.h */ = {isa = PBXFileReference; lastKnownFileType = sourcecode.c.h; path = OZAppDelegate.h; sourceTree = "<group>"; };
		2209B316159AFC7E0073E820 /* OZAppDelegate.m */ = {isa = PBXFileReference; lastKnownFileType = sourcecode.c.objc; path = OZAppDelegate.m; sourceTree = "<group>"; };
		2209B323159AFD970073E820 /* OZTabBarController.h */ = {isa = PBXFileReference; fileEncoding = 4; lastKnownFileType = sourcecode.c.h; name = OZTabBarController.h; path = OZTabBarController/OZTabBarController.h; sourceTree = "<group>"; };
		2209B324159AFD970073E820 /* OZTabBarController.m */ = {isa = PBXFileReference; fileEncoding = 4; lastKnownFileType = sourcecode.c.objc; name = OZTabBarController.m; path = OZTabBarController/OZTabBarController.m; sourceTree = "<group>"; };
		2209B326159AFE080073E820 /* OZMenuViewController.h */ = {isa = PBXFileReference; fileEncoding = 4; lastKnownFileType = sourcecode.c.h; path = OZMenuViewController.h; sourceTree = "<group>"; };
		2209B327159AFE080073E820 /* OZMenuViewController.m */ = {isa = PBXFileReference; fileEncoding = 4; lastKnownFileType = sourcecode.c.objc; path = OZMenuViewController.m; sourceTree = "<group>"; };
		2209B329159AFE520073E820 /* OZNibBasedViewController.h */ = {isa = PBXFileReference; fileEncoding = 4; lastKnownFileType = sourcecode.c.h; path = OZNibBasedViewController.h; sourceTree = "<group>"; };
		2209B32A159AFE520073E820 /* OZNibBasedViewController.m */ = {isa = PBXFileReference; fileEncoding = 4; lastKnownFileType = sourcecode.c.objc; path = OZNibBasedViewController.m; sourceTree = "<group>"; };
		2209B33E159AFE730073E820 /* OZLoadViewBasedViewController.h */ = {isa = PBXFileReference; fileEncoding = 4; lastKnownFileType = sourcecode.c.h; path = OZLoadViewBasedViewController.h; sourceTree = "<group>"; };
		2209B33F159AFE730073E820 /* OZLoadViewBasedViewController.m */ = {isa = PBXFileReference; fileEncoding = 4; lastKnownFileType = sourcecode.c.objc; path = OZLoadViewBasedViewController.m; sourceTree = "<group>"; };
		2209B341159AFE7E0073E820 /* OZChildViewController.h */ = {isa = PBXFileReference; fileEncoding = 4; lastKnownFileType = sourcecode.c.h; path = OZChildViewController.h; sourceTree = "<group>"; };
		2209B342159AFE7E0073E820 /* OZChildViewController.m */ = {isa = PBXFileReference; fileEncoding = 4; lastKnownFileType = sourcecode.c.objc; path = OZChildViewController.m; sourceTree = "<group>"; };
		2209B344159B00330073E820 /* OZNibBasedViewController.xib */ = {isa = PBXFileReference; fileEncoding = 4; lastKnownFileType = file.xib; path = OZNibBasedViewController.xib; sourceTree = "<group>"; };
		2209B34B159B0FF20073E820 /* icon_github.png */ = {isa = PBXFileReference; lastKnownFileType = image.png; path = icon_github.png; sourceTree = "<group>"; };
		2209B34C159B0FF20073E820 /* icon_globe.png */ = {isa = PBXFileReference; lastKnownFileType = image.png; path = icon_globe.png; sourceTree = "<group>"; };
		2209B34D159B0FF20073E820 /* icon_meter.png */ = {isa = PBXFileReference; lastKnownFileType = image.png; path = icon_meter.png; sourceTree = "<group>"; };
		2209B34E159B0FF20073E820 /* icon_power.png */ = {isa = PBXFileReference; lastKnownFileType = image.png; path = icon_power.png; sourceTree = "<group>"; };
		2209B34F159B0FF20073E820 /* tabbar.png */ = {isa = PBXFileReference; lastKnownFileType = image.png; path = tabbar.png; sourceTree = "<group>"; };
		2209B350159B0FF20073E820 /* tabbar@2x.png */ = {isa = PBXFileReference; lastKnownFileType = image.png; path = "tabbar@2x.png"; sourceTree = "<group>"; };
		2235F74C161D82EB00E55B15 /* icon_github_selected.png */ = {isa = PBXFileReference; lastKnownFileType = image.png; path = icon_github_selected.png; sourceTree = "<group>"; };
		2235F74D161D82EB00E55B15 /* icon_globe_selected.png */ = {isa = PBXFileReference; lastKnownFileType = image.png; path = icon_globe_selected.png; sourceTree = "<group>"; };
		2235F74E161D82EB00E55B15 /* icon_meter_selected.png */ = {isa = PBXFileReference; lastKnownFileType = image.png; path = icon_meter_selected.png; sourceTree = "<group>"; };
		2235F74F161D82EB00E55B15 /* icon_power_selected.png */ = {isa = PBXFileReference; lastKnownFileType = image.png; path = icon_power_selected.png; sourceTree = "<group>"; };
		2259028119050D0300B257C6 /* Default-568h@2x.png */ = {isa = PBXFileReference; lastKnownFileType = image.png; path = "Default-568h@2x.png"; sourceTree = "<group>"; };
/* End PBXFileReference section */

/* Begin PBXFrameworksBuildPhase section */
		2209B2FF159AFC7E0073E820 /* Frameworks */ = {
			isa = PBXFrameworksBuildPhase;
			buildActionMask = 2147483647;
			files = (
				2209B307159AFC7E0073E820 /* UIKit.framework in Frameworks */,
				2209B309159AFC7E0073E820 /* Foundation.framework in Frameworks */,
				2209B30B159AFC7E0073E820 /* CoreGraphics.framework in Frameworks */,
			);
			runOnlyForDeploymentPostprocessing = 0;
		};
/* End PBXFrameworksBuildPhase section */

/* Begin PBXGroup section */
		2209B2F7159AFC7E0073E820 = {
			isa = PBXGroup;
			children = (
				2259028119050D0300B257C6 /* Default-568h@2x.png */,
				2209B305159AFC7E0073E820 /* Frameworks */,
				2209B34A159B0FF20073E820 /* Images */,
				2209B322159AFD860073E820 /* OZTabBarController */,
				2209B303159AFC7E0073E820 /* Products */,
				2209B30C159AFC7E0073E820 /* TabBarExample */,
			);
			sourceTree = "<group>";
		};
		2209B303159AFC7E0073E820 /* Products */ = {
			isa = PBXGroup;
			children = (
				2209B302159AFC7E0073E820 /* TabBarExample.app */,
			);
			name = Products;
			sourceTree = "<group>";
		};
		2209B305159AFC7E0073E820 /* Frameworks */ = {
			isa = PBXGroup;
			children = (
				2209B306159AFC7E0073E820 /* UIKit.framework */,
				2209B308159AFC7E0073E820 /* Foundation.framework */,
				2209B30A159AFC7E0073E820 /* CoreGraphics.framework */,
			);
			name = Frameworks;
			sourceTree = "<group>";
		};
		2209B30C159AFC7E0073E820 /* TabBarExample */ = {
			isa = PBXGroup;
			children = (
				2209B315159AFC7E0073E820 /* OZAppDelegate.h */,
				2209B341159AFE7E0073E820 /* OZChildViewController.h */,
				2209B33E159AFE730073E820 /* OZLoadViewBasedViewController.h */,
				2209B326159AFE080073E820 /* OZMenuViewController.h */,
				2209B329159AFE520073E820 /* OZNibBasedViewController.h */,
				2209B316159AFC7E0073E820 /* OZAppDelegate.m */,
				2209B342159AFE7E0073E820 /* OZChildViewController.m */,
				2209B33F159AFE730073E820 /* OZLoadViewBasedViewController.m */,
				2209B327159AFE080073E820 /* OZMenuViewController.m */,
				2209B32A159AFE520073E820 /* OZNibBasedViewController.m */,
				2209B344159B00330073E820 /* OZNibBasedViewController.xib */,
				2209B30D159AFC7E0073E820 /* Supporting Files */,
			);
			path = TabBarExample;
			sourceTree = "<group>";
		};
		2209B30D159AFC7E0073E820 /* Supporting Files */ = {
			isa = PBXGroup;
			children = (
				2209B312159AFC7E0073E820 /* main.m */,
				2209B314159AFC7E0073E820 /* TabBarExample-Prefix.pch */,
				2209B30E159AFC7E0073E820 /* TabBarExample-Info.plist */,
				2209B30F159AFC7E0073E820 /* InfoPlist.strings */,
			);
			name = "Supporting Files";
			sourceTree = "<group>";
		};
		2209B322159AFD860073E820 /* OZTabBarController */ = {
			isa = PBXGroup;
			children = (
				2209B323159AFD970073E820 /* OZTabBarController.h */,
				2209B324159AFD970073E820 /* OZTabBarController.m */,
			);
			name = OZTabBarController;
			sourceTree = "<group>";
		};
		2209B34A159B0FF20073E820 /* Images */ = {
			isa = PBXGroup;
			children = (
				2209B34B159B0FF20073E820 /* icon_github.png */,
				2235F74C161D82EB00E55B15 /* icon_github_selected.png */,
				2209B34C159B0FF20073E820 /* icon_globe.png */,
				2235F74D161D82EB00E55B15 /* icon_globe_selected.png */,
				2209B34D159B0FF20073E820 /* icon_meter.png */,
				2235F74E161D82EB00E55B15 /* icon_meter_selected.png */,
				2209B34E159B0FF20073E820 /* icon_power.png */,
				2235F74F161D82EB00E55B15 /* icon_power_selected.png */,
				2209B34F159B0FF20073E820 /* tabbar.png */,
				2209B350159B0FF20073E820 /* tabbar@2x.png */,
			);
			path = Images;
			sourceTree = "<group>";
		};
/* End PBXGroup section */

/* Begin PBXNativeTarget section */
		2209B301159AFC7E0073E820 /* TabBarExample */ = {
			isa = PBXNativeTarget;
			buildConfigurationList = 2209B31A159AFC7E0073E820 /* Build configuration list for PBXNativeTarget "TabBarExample" */;
			buildPhases = (
				2209B2FE159AFC7E0073E820 /* Sources */,
				2209B2FF159AFC7E0073E820 /* Frameworks */,
				2209B300159AFC7E0073E820 /* Resources */,
			);
			buildRules = (
			);
			dependencies = (
			);
			name = TabBarExample;
			productName = TabBarExample;
			productReference = 2209B302159AFC7E0073E820 /* TabBarExample.app */;
			productType = "com.apple.product-type.application";
		};
/* End PBXNativeTarget section */

/* Begin PBXProject section */
		2209B2F9159AFC7E0073E820 /* Project object */ = {
			isa = PBXProject;
			attributes = {
				CLASSPREFIX = OZ;
				LastUpgradeCheck = 0510;
				ORGANIZATIONNAME = "Oozou Ltd.";
			};
			buildConfigurationList = 2209B2FC159AFC7E0073E820 /* Build configuration list for PBXProject "TabBarExample" */;
			compatibilityVersion = "Xcode 3.2";
			developmentRegion = English;
			hasScannedForEncodings = 0;
			knownRegions = (
				en,
			);
			mainGroup = 2209B2F7159AFC7E0073E820;
			productRefGroup = 2209B303159AFC7E0073E820 /* Products */;
			projectDirPath = "";
			projectRoot = "";
			targets = (
				2209B301159AFC7E0073E820 /* TabBarExample */,
			);
		};
/* End PBXProject section */

/* Begin PBXResourcesBuildPhase section */
		2209B300159AFC7E0073E820 /* Resources */ = {
			isa = PBXResourcesBuildPhase;
			buildActionMask = 2147483647;
			files = (
				2209B311159AFC7E0073E820 /* InfoPlist.strings in Resources */,
				2209B345159B00330073E820 /* OZNibBasedViewController.xib in Resources */,
				2209B351159B0FF20073E820 /* icon_github.png in Resources */,
				2209B352159B0FF20073E820 /* icon_globe.png in Resources */,
				2209B353159B0FF20073E820 /* icon_meter.png in Resources */,
				2209B354159B0FF20073E820 /* icon_power.png in Resources */,
				2209B355159B0FF20073E820 /* tabbar.png in Resources */,
				2209B356159B0FF20073E820 /* tabbar@2x.png in Resources */,
				2235F750161D82EB00E55B15 /* icon_github_selected.png in Resources */,
				2259028219050D0300B257C6 /* Default-568h@2x.png in Resources */,
				2235F751161D82EB00E55B15 /* icon_globe_selected.png in Resources */,
				2235F752161D82EB00E55B15 /* icon_meter_selected.png in Resources */,
				2235F753161D82EB00E55B15 /* icon_power_selected.png in Resources */,
			);
			runOnlyForDeploymentPostprocessing = 0;
		};
/* End PBXResourcesBuildPhase section */

/* Begin PBXSourcesBuildPhase section */
		2209B2FE159AFC7E0073E820 /* Sources */ = {
			isa = PBXSourcesBuildPhase;
			buildActionMask = 2147483647;
			files = (
				2209B313159AFC7E0073E820 /* main.m in Sources */,
				2209B317159AFC7E0073E820 /* OZAppDelegate.m in Sources */,
				2209B325159AFD970073E820 /* OZTabBarController.m in Sources */,
				2209B328159AFE080073E820 /* OZMenuViewController.m in Sources */,
				2209B32B159AFE520073E820 /* OZNibBasedViewController.m in Sources */,
				2209B340159AFE730073E820 /* OZLoadViewBasedViewController.m in Sources */,
				2209B343159AFE7E0073E820 /* OZChildViewController.m in Sources */,
			);
			runOnlyForDeploymentPostprocessing = 0;
		};
/* End PBXSourcesBuildPhase section */

/* Begin PBXVariantGroup section */
		2209B30F159AFC7E0073E820 /* InfoPlist.strings */ = {
			isa = PBXVariantGroup;
			children = (
				2209B310159AFC7E0073E820 /* en */,
			);
			name = InfoPlist.strings;
			sourceTree = "<group>";
		};
/* End PBXVariantGroup section */

/* Begin XCBuildConfiguration section */
		2209B318159AFC7E0073E820 /* Debug */ = {
			isa = XCBuildConfiguration;
			buildSettings = {
				ALWAYS_SEARCH_USER_PATHS = NO;
				CLANG_ENABLE_OBJC_ARC = YES;
				CLANG_WARN_BOOL_CONVERSION = YES;
				CLANG_WARN_CONSTANT_CONVERSION = YES;
				CLANG_WARN_EMPTY_BODY = YES;
				CLANG_WARN_ENUM_CONVERSION = YES;
				CLANG_WARN_INT_CONVERSION = YES;
				CLANG_WARN__DUPLICATE_METHOD_MATCH = YES;
				"CODE_SIGN_IDENTITY[sdk=iphoneos*]" = "iPhone Developer";
				COPY_PHASE_STRIP = NO;
				GCC_C_LANGUAGE_STANDARD = gnu99;
				GCC_DYNAMIC_NO_PIC = NO;
				GCC_OPTIMIZATION_LEVEL = 0;
				GCC_PREPROCESSOR_DEFINITIONS = (
					"DEBUG=1",
					"$(inherited)",
				);
				GCC_SYMBOLS_PRIVATE_EXTERN = NO;
				GCC_VERSION = com.apple.compilers.llvm.clang.1_0;
				GCC_WARN_64_TO_32_BIT_CONVERSION = YES;
				GCC_WARN_ABOUT_RETURN_TYPE = YES;
				GCC_WARN_UNDECLARED_SELECTOR = YES;
				GCC_WARN_UNINITIALIZED_AUTOS = YES;
				GCC_WARN_UNUSED_FUNCTION = YES;
				GCC_WARN_UNUSED_VARIABLE = YES;
				IPHONEOS_DEPLOYMENT_TARGET = 5.1;
				ONLY_ACTIVE_ARCH = YES;
				SDKROOT = iphoneos;
			};
			name = Debug;
		};
		2209B319159AFC7E0073E820 /* Release */ = {
			isa = XCBuildConfiguration;
			buildSettings = {
				ALWAYS_SEARCH_USER_PATHS = NO;
				CLANG_ENABLE_OBJC_ARC = YES;
				CLANG_WARN_BOOL_CONVERSION = YES;
				CLANG_WARN_CONSTANT_CONVERSION = YES;
				CLANG_WARN_EMPTY_BODY = YES;
				CLANG_WARN_ENUM_CONVERSION = YES;
				CLANG_WARN_INT_CONVERSION = YES;
				CLANG_WARN__DUPLICATE_METHOD_MATCH = YES;
				"CODE_SIGN_IDENTITY[sdk=iphoneos*]" = "iPhone Developer";
				COPY_PHASE_STRIP = YES;
				GCC_C_LANGUAGE_STANDARD = gnu99;
				GCC_VERSION = com.apple.compilers.llvm.clang.1_0;
				GCC_WARN_64_TO_32_BIT_CONVERSION = YES;
				GCC_WARN_ABOUT_RETURN_TYPE = YES;
				GCC_WARN_UNDECLARED_SELECTOR = YES;
				GCC_WARN_UNINITIALIZED_AUTOS = YES;
				GCC_WARN_UNUSED_FUNCTION = YES;
				GCC_WARN_UNUSED_VARIABLE = YES;
				IPHONEOS_DEPLOYMENT_TARGET = 5.1;
				OTHER_CFLAGS = "-DNS_BLOCK_ASSERTIONS=1";
				SDKROOT = iphoneos;
				VALIDATE_PRODUCT = YES;
			};
			name = Release;
		};
		2209B31B159AFC7E0073E820 /* Debug */ = {
			isa = XCBuildConfiguration;
			buildSettings = {
				GCC_PRECOMPILE_PREFIX_HEADER = YES;
				GCC_PREFIX_HEADER = "TabBarExample/TabBarExample-Prefix.pch";
				INFOPLIST_FILE = "TabBarExample/TabBarExample-Info.plist";
				PRODUCT_NAME = "$(TARGET_NAME)";
				WRAPPER_EXTENSION = app;
			};
			name = Debug;
		};
		2209B31C159AFC7E0073E820 /* Release */ = {
			isa = XCBuildConfiguration;
			buildSettings = {
				GCC_PRECOMPILE_PREFIX_HEADER = YES;
				GCC_PREFIX_HEADER = "TabBarExample/TabBarExample-Prefix.pch";
				INFOPLIST_FILE = "TabBarExample/TabBarExample-Info.plist";
				PRODUCT_NAME = "$(TARGET_NAME)";
				WRAPPER_EXTENSION = app;
			};
			name = Release;
		};
/* End XCBuildConfiguration section */

/* Begin XCConfigurationList section */
		2209B2FC159AFC7E0073E820 /* Build configuration list for PBXProject "TabBarExample" */ = {
			isa = XCConfigurationList;
			buildConfigurations = (
				2209B318159AFC7E0073E820 /* Debug */,
				2209B319159AFC7E0073E820 /* Release */,
			);
			defaultConfigurationIsVisible = 0;
			defaultConfigurationName = Release;
		};
		2209B31A159AFC7E0073E820 /* Build configuration list for PBXNativeTarget "TabBarExample" */ = {
			isa = XCConfigurationList;
			buildConfigurations = (
				2209B31B159AFC7E0073E820 /* Debug */,
				2209B31C159AFC7E0073E820 /* Release */,
			);
			defaultConfigurationIsVisible = 0;
			defaultConfigurationName = Release;
		};
/* End XCConfigurationList section */
	};
	rootObject = 2209B2F9159AFC7E0073E820 /* Project object */;
}
